
Microsoft Visual Studio Solution File, Format Version 12.00
# Visual Studio Version 17
VisualStudioVersion = 17.2.32519.379
MinimumVisualStudioVersion = 10.0.40219.1
Project("{FAE04EC0-301F-11D3-BF4B-00C04F79EFBC}") = "lesson9", "lesson9\lesson9.csproj", "{0B8089D9-424E-41E4-A5B3-B0061DC24389}"
EndProject
Project("{FAE04EC0-301F-11D3-BF4B-00C04F79EFBC}") = "Lesson9_StingSearch", "Lesson9_StingSearch\Lesson9_StingSearch.csproj", "{601B7C6C-F5C3-4E40-8C23-71D157D04D3A}"
EndProject
Project("{FAE04EC0-301F-11D3-BF4B-00C04F79EFBC}") = "Lesson9_PingPong", "Lesson9_PingPong\Lesson9_PingPong.csproj", "{825B1DD9-8F3E-484B-BDB5-A76CE984C022}"
EndProject
Global
	GlobalSection(SolutionConfigurationPlatforms) = preSolution
		Debug|Any CPU = Debug|Any CPU
		Release|Any CPU = Release|Any CPU
	EndGlobalSection
	GlobalSection(ProjectConfigurationPlatforms) = postSolution
		{0B8089D9-424E-41E4-A5B3-B0061DC24389}.Debug|Any CPU.ActiveCfg = Debug|Any CPU
		{0B8089D9-424E-41E4-A5B3-B0061DC24389}.Debug|Any CPU.Build.0 = Debug|Any CPU
		{0B8089D9-424E-41E4-A5B3-B0061DC24389}.Release|Any CPU.ActiveCfg = Release|Any CPU
		{0B8089D9-424E-41E4-A5B3-B0061DC24389}.Release|Any CPU.Build.0 = Release|Any CPU
		{601B7C6C-F5C3-4E40-8C23-71D157D04D3A}.Debug|Any CPU.ActiveCfg = Debug|Any CPU
		{601B7C6C-F5C3-4E40-8C23-71D157D04D3A}.Debug|Any CPU.Build.0 = Debug|Any CPU
		{601B7C6C-F5C3-4E40-8C23-71D157D04D3A}.Release|Any CPU.ActiveCfg = Release|Any CPU
		{601B7C6C-F5C3-4E40-8C23-71D157D04D3A}.Release|Any CPU.Build.0 = Release|Any CPU
		{825B1DD9-8F3E-484B-BDB5-A76CE984C022}.Debug|Any CPU.ActiveCfg = Debug|Any CPU
		{825B1DD9-8F3E-484B-BDB5-A76CE984C022}.Debug|Any CPU.Build.0 = Debug|Any CPU
		{825B1DD9-8F3E-484B-BDB5-A76CE984C022}.Release|Any CPU.ActiveCfg = Release|Any CPU
		{825B1DD9-8F3E-484B-BDB5-A76CE984C022}.Release|Any CPU.Build.0 = Release|Any CPU
	EndGlobalSection
	GlobalSection(SolutionProperties) = preSolution
		HideSolutionNode = FALSE
	EndGlobalSection
	GlobalSection(ExtensibilityGlobals) = postSolution
		SolutionGuid = {B34208C4-2EFE-4805-B137-B8B48F072444}
	EndGlobalSection
EndGlobal
